
Microsoft Visual Studio Solution File, Format Version 11.00
# Visual Studio 2010
Project("{FAE04EC0-301F-11D3-BF4B-00C04F79EFBC}") = "Miki_SQLSchnittstelle_und_Klassen", "Miki_SQLSchnittstelle_und_Klassen\Miki_SQLSchnittstelle_und_Klassen.csproj", "{19DAEF58-CC23-49A0-B161-738E5A874E53}"
EndProject
Project("{FAE04EC0-301F-11D3-BF4B-00C04F79EFBC}") = "myStik.Default", "myStik.Default\myStik.Default.csproj", "{EF1BD0E8-3056-426A-B40C-7FAE7F076247}"
EndProject
Project("{FAE04EC0-301F-11D3-BF4B-00C04F79EFBC}") = "Blackboard_Website_Vorlage", "Blackboard_Website_Vorlage\Blackboard_Website_Vorlage.csproj", "{DBF99BD9-BCFF-4B63-97DB-EDF68B2ABB2B}"
EndProject
Global
	GlobalSection(SolutionConfigurationPlatforms) = preSolution
		Debug|Any CPU = Debug|Any CPU
		Debug|Mixed Platforms = Debug|Mixed Platforms
		Debug|x86 = Debug|x86
		Release|Any CPU = Release|Any CPU
		Release|Mixed Platforms = Release|Mixed Platforms
		Release|x86 = Release|x86
	EndGlobalSection
	GlobalSection(ProjectConfigurationPlatforms) = postSolution
		{19DAEF58-CC23-49A0-B161-738E5A874E53}.Debug|Any CPU.ActiveCfg = Debug|x86
		{19DAEF58-CC23-49A0-B161-738E5A874E53}.Debug|Mixed Platforms.ActiveCfg = Debug|x86
		{19DAEF58-CC23-49A0-B161-738E5A874E53}.Debug|Mixed Platforms.Build.0 = Debug|x86
		{19DAEF58-CC23-49A0-B161-738E5A874E53}.Debug|x86.ActiveCfg = Debug|x86
		{19DAEF58-CC23-49A0-B161-738E5A874E53}.Debug|x86.Build.0 = Debug|x86
		{19DAEF58-CC23-49A0-B161-738E5A874E53}.Release|Any CPU.ActiveCfg = Release|x86
		{19DAEF58-CC23-49A0-B161-738E5A874E53}.Release|Mixed Platforms.ActiveCfg = Release|x86
		{19DAEF58-CC23-49A0-B161-738E5A874E53}.Release|Mixed Platforms.Build.0 = Release|x86
		{19DAEF58-CC23-49A0-B161-738E5A874E53}.Release|x86.ActiveCfg = Release|x86
		{19DAEF58-CC23-49A0-B161-738E5A874E53}.Release|x86.Build.0 = Release|x86
		{EF1BD0E8-3056-426A-B40C-7FAE7F076247}.Debug|Any CPU.ActiveCfg = Debug|x86
		{EF1BD0E8-3056-426A-B40C-7FAE7F076247}.Debug|Mixed Platforms.ActiveCfg = Debug|x86
		{EF1BD0E8-3056-426A-B40C-7FAE7F076247}.Debug|Mixed Platforms.Build.0 = Debug|x86
		{EF1BD0E8-3056-426A-B40C-7FAE7F076247}.Debug|x86.ActiveCfg = Debug|x86
		{EF1BD0E8-3056-426A-B40C-7FAE7F076247}.Debug|x86.Build.0 = Debug|x86
		{EF1BD0E8-3056-426A-B40C-7FAE7F076247}.Release|Any CPU.ActiveCfg = Release|x86
		{EF1BD0E8-3056-426A-B40C-7FAE7F076247}.Release|Mixed Platforms.ActiveCfg = Release|x86
		{EF1BD0E8-3056-426A-B40C-7FAE7F076247}.Release|Mixed Platforms.Build.0 = Release|x86
		{EF1BD0E8-3056-426A-B40C-7FAE7F076247}.Release|x86.ActiveCfg = Release|x86
		{EF1BD0E8-3056-426A-B40C-7FAE7F076247}.Release|x86.Build.0 = Release|x86
		{DBF99BD9-BCFF-4B63-97DB-EDF68B2ABB2B}.Debug|Any CPU.ActiveCfg = Debug|Any CPU
		{DBF99BD9-BCFF-4B63-97DB-EDF68B2ABB2B}.Debug|Any CPU.Build.0 = Debug|Any CPU
		{DBF99BD9-BCFF-4B63-97DB-EDF68B2ABB2B}.Debug|Mixed Platforms.ActiveCfg = Debug|Any CPU
		{DBF99BD9-BCFF-4B63-97DB-EDF68B2ABB2B}.Debug|Mixed Platforms.Build.0 = Debug|Any CPU
		{DBF99BD9-BCFF-4B63-97DB-EDF68B2ABB2B}.Debug|x86.ActiveCfg = Debug|Any CPU
		{DBF99BD9-BCFF-4B63-97DB-EDF68B2ABB2B}.Release|Any CPU.ActiveCfg = Release|Any CPU
		{DBF99BD9-BCFF-4B63-97DB-EDF68B2ABB2B}.Release|Any CPU.Build.0 = Release|Any CPU
		{DBF99BD9-BCFF-4B63-97DB-EDF68B2ABB2B}.Release|Mixed Platforms.ActiveCfg = Release|Any CPU
		{DBF99BD9-BCFF-4B63-97DB-EDF68B2ABB2B}.Release|Mixed Platforms.Build.0 = Release|Any CPU
		{DBF99BD9-BCFF-4B63-97DB-EDF68B2ABB2B}.Release|x86.ActiveCfg = Release|Any CPU
	EndGlobalSection
	GlobalSection(SolutionProperties) = preSolution
		HideSolutionNode = FALSE
	EndGlobalSection
EndGlobal
