
Microsoft Visual Studio Solution File, Format Version 11.00
# Visual Studio 2010
Project("{FAE04EC0-301F-11D3-BF4B-00C04F79EFBC}") = "Workshop_tag", "Workshop_tag\Workshop_tag.csproj", "{22443CD6-D65D-4695-8CA3-EE97847C308D}"
EndProject
Project("{FAE04EC0-301F-11D3-BF4B-00C04F79EFBC}") = "WebApplication2", "WebApplication2\WebApplication2.csproj", "{F9B7FC9A-0F7E-4412-9E1F-40C1C5604347}"
EndProject
Global
	GlobalSection(SolutionConfigurationPlatforms) = preSolution
		Debug|Any CPU = Debug|Any CPU
		Debug|Mixed Platforms = Debug|Mixed Platforms
		Debug|x86 = Debug|x86
		Release|Any CPU = Release|Any CPU
		Release|Mixed Platforms = Release|Mixed Platforms
		Release|x86 = Release|x86
	EndGlobalSection
	GlobalSection(ProjectConfigurationPlatforms) = postSolution
		{22443CD6-D65D-4695-8CA3-EE97847C308D}.Debug|Any CPU.ActiveCfg = Debug|x86
		{22443CD6-D65D-4695-8CA3-EE97847C308D}.Debug|Mixed Platforms.ActiveCfg = Debug|x86
		{22443CD6-D65D-4695-8CA3-EE97847C308D}.Debug|Mixed Platforms.Build.0 = Debug|x86
		{22443CD6-D65D-4695-8CA3-EE97847C308D}.Debug|x86.ActiveCfg = Debug|x86
		{22443CD6-D65D-4695-8CA3-EE97847C308D}.Debug|x86.Build.0 = Debug|x86
		{22443CD6-D65D-4695-8CA3-EE97847C308D}.Release|Any CPU.ActiveCfg = Release|x86
		{22443CD6-D65D-4695-8CA3-EE97847C308D}.Release|Mixed Platforms.ActiveCfg = Release|x86
		{22443CD6-D65D-4695-8CA3-EE97847C308D}.Release|Mixed Platforms.Build.0 = Release|x86
		{22443CD6-D65D-4695-8CA3-EE97847C308D}.Release|x86.ActiveCfg = Release|x86
		{22443CD6-D65D-4695-8CA3-EE97847C308D}.Release|x86.Build.0 = Release|x86
		{F9B7FC9A-0F7E-4412-9E1F-40C1C5604347}.Debug|Any CPU.ActiveCfg = Debug|Any CPU
		{F9B7FC9A-0F7E-4412-9E1F-40C1C5604347}.Debug|Any CPU.Build.0 = Debug|Any CPU
		{F9B7FC9A-0F7E-4412-9E1F-40C1C5604347}.Debug|Mixed Platforms.ActiveCfg = Debug|Any CPU
		{F9B7FC9A-0F7E-4412-9E1F-40C1C5604347}.Debug|Mixed Platforms.Build.0 = Debug|Any CPU
		{F9B7FC9A-0F7E-4412-9E1F-40C1C5604347}.Debug|x86.ActiveCfg = Debug|Any CPU
		{F9B7FC9A-0F7E-4412-9E1F-40C1C5604347}.Release|Any CPU.ActiveCfg = Release|Any CPU
		{F9B7FC9A-0F7E-4412-9E1F-40C1C5604347}.Release|Any CPU.Build.0 = Release|Any CPU
		{F9B7FC9A-0F7E-4412-9E1F-40C1C5604347}.Release|Mixed Platforms.ActiveCfg = Release|Any CPU
		{F9B7FC9A-0F7E-4412-9E1F-40C1C5604347}.Release|Mixed Platforms.Build.0 = Release|Any CPU
		{F9B7FC9A-0F7E-4412-9E1F-40C1C5604347}.Release|x86.ActiveCfg = Release|Any CPU
	EndGlobalSection
	GlobalSection(SolutionProperties) = preSolution
		HideSolutionNode = FALSE
	EndGlobalSection
EndGlobal
